// !$*UTF8*$!
{
	archiveVersion = 1;
	classes = {
	};
	objectVersion = 50;
	objects = {

/* Begin PBXBuildFile section */
		AFD0A28026B93568004D9AB6 /* AppDelegate.m in Sources */ = {isa = PBXBuildFile; fileRef = AFD0A27F26B93568004D9AB6 /* AppDelegate.m */; };
		AFD0A28626B93568004D9AB6 /* ViewController.m in Sources */ = {isa = PBXBuildFile; fileRef = AFD0A28526B93568004D9AB6 /* ViewController.m */; };
		AFD0A28B26B93569004D9AB6 /* Assets.xcassets in Resources */ = {isa = PBXBuildFile; fileRef = AFD0A28A26B93569004D9AB6 /* Assets.xcassets */; };
		AFD0A28E26B9356A004D9AB6 /* LaunchScreen.storyboard in Resources */ = {isa = PBXBuildFile; fileRef = AFD0A28C26B9356A004D9AB6 /* LaunchScreen.storyboard */; };
		AFD0A29126B9356A004D9AB6 /* main.m in Sources */ = {isa = PBXBuildFile; fileRef = AFD0A29026B9356A004D9AB6 /* main.m */; };
		AFD0A2A726B939E0004D9AB6 /* VHTableViewCell.m in Sources */ = {isa = PBXBuildFile; fileRef = AFD0A2A626B939E0004D9AB6 /* VHTableViewCell.m */; };
		AFD0A2AC26B944E7004D9AB6 /* VHFastSelector.m in Sources */ = {isa = PBXBuildFile; fileRef = AFD0A2AB26B944E6004D9AB6 /* VHFastSelector.m */; };
		AFD0A5ED26BCD682004D9AB6 /* TestTableView.m in Sources */ = {isa = PBXBuildFile; fileRef = AFD0A5EC26BCD67E004D9AB6 /* TestTableView.m */; };
/* End PBXBuildFile section */

/* Begin PBXFileReference section */
		AFD0A27B26B93568004D9AB6 /* FastSelector.app */ = {isa = PBXFileReference; explicitFileType = wrapper.application; includeInIndex = 0; path = FastSelector.app; sourceTree = BUILT_PRODUCTS_DIR; };
		AFD0A27E26B93568004D9AB6 /* AppDelegate.h */ = {isa = PBXFileReference; lastKnownFileType = sourcecode.c.h; path = AppDelegate.h; sourceTree = "<group>"; };
		AFD0A27F26B93568004D9AB6 /* AppDelegate.m */ = {isa = PBXFileReference; lastKnownFileType = sourcecode.c.objc; path = AppDelegate.m; sourceTree = "<group>"; };
		AFD0A28426B93568004D9AB6 /* ViewController.h */ = {isa = PBXFileReference; lastKnownFileType = sourcecode.c.h; path = ViewController.h; sourceTree = "<group>"; };
		AFD0A28526B93568004D9AB6 /* ViewController.m */ = {isa = PBXFileReference; lastKnownFileType = sourcecode.c.objc; path = ViewController.m; sourceTree = "<group>"; };
		AFD0A28A26B93569004D9AB6 /* Assets.xcassets */ = {isa = PBXFileReference; lastKnownFileType = folder.assetcatalog; path = Assets.xcassets; sourceTree = "<group>"; };
		AFD0A28D26B9356A004D9AB6 /* Base */ = {isa = PBXFileReference; lastKnownFileType = file.storyboard; name = Base; path = Base.lproj/LaunchScreen.storyboard; sourceTree = "<group>"; };
		AFD0A28F26B9356A004D9AB6 /* Info.plist */ = {isa = PBXFileReference; lastKnownFileType = text.plist.xml; path = Info.plist; sourceTree = "<group>"; };
		AFD0A29026B9356A004D9AB6 /* main.m */ = {isa = PBXFileReference; lastKnownFileType = sourcecode.c.objc; path = main.m; sourceTree = "<group>"; };
		AFD0A2A526B939E0004D9AB6 /* VHTableViewCell.h */ = {isa = PBXFileReference; lastKnownFileType = sourcecode.c.h; path = VHTableViewCell.h; sourceTree = "<group>"; };
		AFD0A2A626B939E0004D9AB6 /* VHTableViewCell.m */ = {isa = PBXFileReference; lastKnownFileType = sourcecode.c.objc; path = VHTableViewCell.m; sourceTree = "<group>"; };
		AFD0A2AA26B944E6004D9AB6 /* VHFastSelector.h */ = {isa = PBXFileReference; lastKnownFileType = sourcecode.c.h; path = VHFastSelector.h; sourceTree = "<group>"; };
		AFD0A2AB26B944E6004D9AB6 /* VHFastSelector.m */ = {isa = PBXFileReference; lastKnownFileType = sourcecode.c.objc; path = VHFastSelector.m; sourceTree = "<group>"; };
		AFD0A5EB26BCD67E004D9AB6 /* TestTableView.h */ = {isa = PBXFileReference; lastKnownFileType = sourcecode.c.h; path = TestTableView.h; sourceTree = "<group>"; };
		AFD0A5EC26BCD67E004D9AB6 /* TestTableView.m */ = {isa = PBXFileReference; lastKnownFileType = sourcecode.c.objc; path = TestTableView.m; sourceTree = "<group>"; };
/* End PBXFileReference section */

/* Begin PBXFrameworksBuildPhase section */
		AFD0A27826B93568004D9AB6 /* Frameworks */ = {
			isa = PBXFrameworksBuildPhase;
			buildActionMask = 2147483647;
			files = (
			);
			runOnlyForDeploymentPostprocessing = 0;
		};
/* End PBXFrameworksBuildPhase section */

/* Begin PBXGroup section */
		AFD0A27226B93568004D9AB6 = {
			isa = PBXGroup;
			children = (
				AFD0A27D26B93568004D9AB6 /* FastSelector */,
				AFD0A27C26B93568004D9AB6 /* Products */,
			);
			sourceTree = "<group>";
		};
		AFD0A27C26B93568004D9AB6 /* Products */ = {
			isa = PBXGroup;
			children = (
				AFD0A27B26B93568004D9AB6 /* FastSelector.app */,
			);
			name = Products;
			sourceTree = "<group>";
		};
		AFD0A27D26B93568004D9AB6 /* FastSelector */ = {
			isa = PBXGroup;
			children = (
				AFD0A27E26B93568004D9AB6 /* AppDelegate.h */,
				AFD0A27F26B93568004D9AB6 /* AppDelegate.m */,
				AFD0A28426B93568004D9AB6 /* ViewController.h */,
				AFD0A28526B93568004D9AB6 /* ViewController.m */,
				AFD0A5EB26BCD67E004D9AB6 /* TestTableView.h */,
				AFD0A5EC26BCD67E004D9AB6 /* TestTableView.m */,
				AFD0A2A526B939E0004D9AB6 /* VHTableViewCell.h */,
				AFD0A2A626B939E0004D9AB6 /* VHTableViewCell.m */,
				AFD0A2AA26B944E6004D9AB6 /* VHFastSelector.h */,
				AFD0A2AB26B944E6004D9AB6 /* VHFastSelector.m */,
				AFD0A28A26B93569004D9AB6 /* Assets.xcassets */,
				AFD0A28C26B9356A004D9AB6 /* LaunchScreen.storyboard */,
				AFD0A28F26B9356A004D9AB6 /* Info.plist */,
				AFD0A29026B9356A004D9AB6 /* main.m */,
			);
			path = FastSelector;
			sourceTree = "<group>";
		};
/* End PBXGroup section */

/* Begin PBXNativeTarget section */
		AFD0A27A26B93568004D9AB6 /* FastSelector */ = {
			isa = PBXNativeTarget;
			buildConfigurationList = AFD0A29426B9356A004D9AB6 /* Build configuration list for PBXNativeTarget "FastSelector" */;
			buildPhases = (
				AFD0A27726B93568004D9AB6 /* Sources */,
				AFD0A27826B93568004D9AB6 /* Frameworks */,
				AFD0A27926B93568004D9AB6 /* Resources */,
			);
			buildRules = (
			);
			dependencies = (
			);
			name = FastSelector;
			productName = FastSelector;
			productReference = AFD0A27B26B93568004D9AB6 /* FastSelector.app */;
			productType = "com.apple.product-type.application";
		};
/* End PBXNativeTarget section */

/* Begin PBXProject section */
		AFD0A27326B93568004D9AB6 /* Project object */ = {
			isa = PBXProject;
			attributes = {
				LastUpgradeCheck = 1230;
				TargetAttributes = {
					AFD0A27A26B93568004D9AB6 = {
						CreatedOnToolsVersion = 12.3;
					};
				};
			};
			buildConfigurationList = AFD0A27626B93568004D9AB6 /* Build configuration list for PBXProject "FastSelector" */;
			compatibilityVersion = "Xcode 9.3";
			developmentRegion = en;
			hasScannedForEncodings = 0;
			knownRegions = (
				en,
				Base,
			);
			mainGroup = AFD0A27226B93568004D9AB6;
			productRefGroup = AFD0A27C26B93568004D9AB6 /* Products */;
			projectDirPath = "";
			projectRoot = "";
			targets = (
				AFD0A27A26B93568004D9AB6 /* FastSelector */,
			);
		};
/* End PBXProject section */

/* Begin PBXResourcesBuildPhase section */
		AFD0A27926B93568004D9AB6 /* Resources */ = {
			isa = PBXResourcesBuildPhase;
			buildActionMask = 2147483647;
			files = (
				AFD0A28E26B9356A004D9AB6 /* LaunchScreen.storyboard in Resources */,
				AFD0A28B26B93569004D9AB6 /* Assets.xcassets in Resources */,
			);
			runOnlyForDeploymentPostprocessing = 0;
		};
/* End PBXResourcesBuildPhase section */

/* Begin PBXSourcesBuildPhase section */
		AFD0A27726B93568004D9AB6 /* Sources */ = {
			isa = PBXSourcesBuildPhase;
			buildActionMask = 2147483647;
			files = (
				AFD0A28626B93568004D9AB6 /* ViewController.m in Sources */,
				AFD0A2AC26B944E7004D9AB6 /* VHFastSelector.m in Sources */,
				AFD0A2A726B939E0004D9AB6 /* VHTableViewCell.m in Sources */,
				AFD0A28026B93568004D9AB6 /* AppDelegate.m in Sources */,
				AFD0A29126B9356A004D9AB6 /* main.m in Sources */,
				AFD0A5ED26BCD682004D9AB6 /* TestTableView.m in Sources */,
			);
			runOnlyForDeploymentPostprocessing = 0;
		};
/* End PBXSourcesBuildPhase section */

/* Begin PBXVariantGroup section */
		AFD0A28C26B9356A004D9AB6 /* LaunchScreen.storyboard */ = {
			isa = PBXVariantGroup;
			children = (
				AFD0A28D26B9356A004D9AB6 /* Base */,
			);
			name = LaunchScreen.storyboard;
			sourceTree = "<group>";
		};
/* End PBXVariantGroup section */

/* Begin XCBuildConfiguration section */
		AFD0A29226B9356A004D9AB6 /* Debug */ = {
			isa = XCBuildConfiguration;
			buildSettings = {
				ALWAYS_SEARCH_USER_PATHS = NO;
				CLANG_ANALYZER_NONNULL = YES;
				CLANG_ANALYZER_NUMBER_OBJECT_CONVERSION = YES_AGGRESSIVE;
				CLANG_CXX_LANGUAGE_STANDARD = "gnu++14";
				CLANG_CXX_LIBRARY = "libc++";
				CLANG_ENABLE_MODULES = YES;
				CLANG_ENABLE_OBJC_ARC = YES;
				CLANG_ENABLE_OBJC_WEAK = YES;
				CLANG_WARN_BLOCK_CAPTURE_AUTORELEASING = YES;
				CLANG_WARN_BOOL_CONVERSION = YES;
				CLANG_WARN_COMMA = YES;
				CLANG_WARN_CONSTANT_CONVERSION = YES;
				CLANG_WARN_DEPRECATED_OBJC_IMPLEMENTATIONS = YES;
				CLANG_WARN_DIRECT_OBJC_ISA_USAGE = YES_ERROR;
				CLANG_WARN_DOCUMENTATION_COMMENTS = YES;
				CLANG_WARN_EMPTY_BODY = YES;
				CLANG_WARN_ENUM_CONVERSION = YES;
				CLANG_WARN_INFINITE_RECURSION = YES;
				CLANG_WARN_INT_CONVERSION = YES;
				CLANG_WARN_NON_LITERAL_NULL_CONVERSION = YES;
				CLANG_WARN_OBJC_IMPLICIT_RETAIN_SELF = YES;
				CLANG_WARN_OBJC_LITERAL_CONVERSION = YES;
				CLANG_WARN_OBJC_ROOT_CLASS = YES_ERROR;
				CLANG_WARN_QUOTED_INCLUDE_IN_FRAMEWORK_HEADER = YES;
				CLANG_WARN_RANGE_LOOP_ANALYSIS = YES;
				CLANG_WARN_STRICT_PROTOTYPES = YES;
				CLANG_WARN_SUSPICIOUS_MOVE = YES;
				CLANG_WARN_UNGUARDED_AVAILABILITY = YES_AGGRESSIVE;
				CLANG_WARN_UNREACHABLE_CODE = YES;
				CLANG_WARN__DUPLICATE_METHOD_MATCH = YES;
				COPY_PHASE_STRIP = NO;
				DEBUG_INFORMATION_FORMAT = dwarf;
				ENABLE_STRICT_OBJC_MSGSEND = YES;
				ENABLE_TESTABILITY = YES;
				GCC_C_LANGUAGE_STANDARD = gnu11;
				GCC_DYNAMIC_NO_PIC = NO;
				GCC_NO_COMMON_BLOCKS = YES;
				GCC_OPTIMIZATION_LEVEL = 0;
				GCC_PREPROCESSOR_DEFINITIONS = (
					"DEBUG=1",
					"$(inherited)",
				);
				GCC_WARN_64_TO_32_BIT_CONVERSION = YES;
				GCC_WARN_ABOUT_RETURN_TYPE = YES_ERROR;
				GCC_WARN_UNDECLARED_SELECTOR = YES;
				GCC_WARN_UNINITIALIZED_AUTOS = YES_AGGRESSIVE;
				GCC_WARN_UNUSED_FUNCTION = YES;
				GCC_WARN_UNUSED_VARIABLE = YES;
				IPHONEOS_DEPLOYMENT_TARGET = 9.0;
				MTL_ENABLE_DEBUG_INFO = INCLUDE_SOURCE;
				MTL_FAST_MATH = YES;
				ONLY_ACTIVE_ARCH = YES;
				SDKROOT = iphoneos;
			};
			name = Debug;
		};
		AFD0A29326B9356A004D9AB6 /* Release */ = {
			isa = XCBuildConfiguration;
			buildSettings = {
				ALWAYS_SEARCH_USER_PATHS = NO;
				CLANG_ANALYZER_NONNULL = YES;
				CLANG_ANALYZER_NUMBER_OBJECT_CONVERSION = YES_AGGRESSIVE;
				CLANG_CXX_LANGUAGE_STANDARD = "gnu++14";
				CLANG_CXX_LIBRARY = "libc++";
				CLANG_ENABLE_MODULES = YES;
				CLANG_ENABLE_OBJC_ARC = YES;
				CLANG_ENABLE_OBJC_WEAK = YES;
				CLANG_WARN_BLOCK_CAPTURE_AUTORELEASING = YES;
				CLANG_WARN_BOOL_CONVERSION = YES;
				CLANG_WARN_COMMA = YES;
				CLANG_WARN_CONSTANT_CONVERSION = YES;
				CLANG_WARN_DEPRECATED_OBJC_IMPLEMENTATIONS = YES;
				CLANG_WARN_DIRECT_OBJC_ISA_USAGE = YES_ERROR;
				CLANG_WARN_DOCUMENTATION_COMMENTS = YES;
				CLANG_WARN_EMPTY_BODY = YES;
				CLANG_WARN_ENUM_CONVERSION = YES;
				CLANG_WARN_INFINITE_RECURSION = YES;
				CLANG_WARN_INT_CONVERSION = YES;
				CLANG_WARN_NON_LITERAL_NULL_CONVERSION = YES;
				CLANG_WARN_OBJC_IMPLICIT_RETAIN_SELF = YES;
				CLANG_WARN_OBJC_LITERAL_CONVERSION = YES;
				CLANG_WARN_OBJC_ROOT_CLASS = YES_ERROR;
				CLANG_WARN_QUOTED_INCLUDE_IN_FRAMEWORK_HEADER = YES;
				CLANG_WARN_RANGE_LOOP_ANALYSIS = YES;
				CLANG_WARN_STRICT_PROTOTYPES = YES;
				CLANG_WARN_SUSPICIOUS_MOVE = YES;
				CLANG_WARN_UNGUARDED_AVAILABILITY = YES_AGGRESSIVE;
				CLANG_WARN_UNREACHABLE_CODE = YES;
				CLANG_WARN__DUPLICATE_METHOD_MATCH = YES;
				COPY_PHASE_STRIP = NO;
				DEBUG_INFORMATION_FORMAT = "dwarf-with-dsym";
				ENABLE_NS_ASSERTIONS = NO;
				ENABLE_STRICT_OBJC_MSGSEND = YES;
				GCC_C_LANGUAGE_STANDARD = gnu11;
				GCC_NO_COMMON_BLOCKS = YES;
				GCC_WARN_64_TO_32_BIT_CONVERSION = YES;
				GCC_WARN_ABOUT_RETURN_TYPE = YES_ERROR;
				GCC_WARN_UNDECLARED_SELECTOR = YES;
				GCC_WARN_UNINITIALIZED_AUTOS = YES_AGGRESSIVE;
				GCC_WARN_UNUSED_FUNCTION = YES;
				GCC_WARN_UNUSED_VARIABLE = YES;
				IPHONEOS_DEPLOYMENT_TARGET = 9.0;
				MTL_ENABLE_DEBUG_INFO = NO;
				MTL_FAST_MATH = YES;
				SDKROOT = iphoneos;
				VALIDATE_PRODUCT = YES;
			};
			name = Release;
		};
		AFD0A29526B9356A004D9AB6 /* Debug */ = {
			isa = XCBuildConfiguration;
			buildSettings = {
				ASSETCATALOG_COMPILER_APPICON_NAME = AppIcon;
				ASSETCATALOG_COMPILER_GLOBAL_ACCENT_COLOR_NAME = AccentColor;
				CODE_SIGN_STYLE = Automatic;
				DEVELOPMENT_TEAM = 288H2YCC84;
				INFOPLIST_FILE = FastSelector/Info.plist;
				LD_RUNPATH_SEARCH_PATHS = (
					"$(inherited)",
					"@executable_path/Frameworks",
				);
				PRODUCT_BUNDLE_IDENTIFIER = com.nightonke.FastSelector;
				PRODUCT_NAME = "$(TARGET_NAME)";
				TARGETED_DEVICE_FAMILY = "1,2";
			};
			name = Debug;
		};
		AFD0A29626B9356A004D9AB6 /* Release */ = {
			isa = XCBuildConfiguration;
			buildSettings = {
				ASSETCATALOG_COMPILER_APPICON_NAME = AppIcon;
				ASSETCATALOG_COMPILER_GLOBAL_ACCENT_COLOR_NAME = AccentColor;
				CODE_SIGN_STYLE = Automatic;
				DEVELOPMENT_TEAM = 288H2YCC84;
				INFOPLIST_FILE = FastSelector/Info.plist;
				LD_RUNPATH_SEARCH_PATHS = (
					"$(inherited)",
					"@executable_path/Frameworks",
				);
				PRODUCT_BUNDLE_IDENTIFIER = com.nightonke.FastSelector;
				PRODUCT_NAME = "$(TARGET_NAME)";
				TARGETED_DEVICE_FAMILY = "1,2";
			};
			name = Release;
		};
/* End XCBuildConfiguration section */

/* Begin XCConfigurationList section */
		AFD0A27626B93568004D9AB6 /* Build configuration list for PBXProject "FastSelector" */ = {
			isa = XCConfigurationList;
			buildConfigurations = (
				AFD0A29226B9356A004D9AB6 /* Debug */,
				AFD0A29326B9356A004D9AB6 /* Release */,
			);
			defaultConfigurationIsVisible = 0;
			defaultConfigurationName = Release;
		};
		AFD0A29426B9356A004D9AB6 /* Build configuration list for PBXNativeTarget "FastSelector" */ = {
			isa = XCConfigurationList;
			buildConfigurations = (
				AFD0A29526B9356A004D9AB6 /* Debug */,
				AFD0A29626B9356A004D9AB6 /* Release */,
			);
			defaultConfigurationIsVisible = 0;
			defaultConfigurationName = Release;
		};
/* End XCConfigurationList section */
	};
	rootObject = AFD0A27326B93568004D9AB6 /* Project object */;
}
